
Microsoft Visual Studio Solution File, Format Version 12.00
# Visual Studio Version 17
VisualStudioVersion = 17.1.32414.318
MinimumVisualStudioVersion = 10.0.40219.1
Project("{FAE04EC0-301F-11D3-BF4B-00C04F79EFBC}") = "LinqHandsOn", "LinqHandsOn.csproj", "{A707F6BB-1B56-4E5D-83E4-A69F93637074}"
EndProject
Global
	GlobalSection(SolutionConfigurationPlatforms) = preSolution
		Debug|Any CPU = Debug|Any CPU
		Release|Any CPU = Release|Any CPU
	EndGlobalSection
	GlobalSection(ProjectConfigurationPlatforms) = postSolution
		{A707F6BB-1B56-4E5D-83E4-A69F93637074}.Debug|Any CPU.ActiveCfg = Debug|Any CPU
		{A707F6BB-1B56-4E5D-83E4-A69F93637074}.Debug|Any CPU.Build.0 = Debug|Any CPU
		{A707F6BB-1B56-4E5D-83E4-A69F93637074}.Release|Any CPU.ActiveCfg = Release|Any CPU
		{A707F6BB-1B56-4E5D-83E4-A69F93637074}.Release|Any CPU.Build.0 = Release|Any CPU
	EndGlobalSection
	GlobalSection(SolutionProperties) = preSolution
		HideSolutionNode = FALSE
	EndGlobalSection
	GlobalSection(ExtensibilityGlobals) = postSolution
		SolutionGuid = {D2ECEE08-67CB-4BF7-85AB-5D7C0EF0E1DE}
	EndGlobalSection
EndGlobal
