
Microsoft Visual Studio Solution File, Format Version 12.00
# Visual Studio Version 17
VisualStudioVersion = 17.1.32414.318
MinimumVisualStudioVersion = 10.0.40219.1
Project("{FAE04EC0-301F-11D3-BF4B-00C04F79EFBC}") = "EntityFrameWork.Data", "EntityFrameWork.Data\EntityFrameWork.Data.csproj", "{D80B6585-65DD-4B34-8859-3BEFBCF059BA}"
EndProject
Project("{FAE04EC0-301F-11D3-BF4B-00C04F79EFBC}") = "EntityFrameworkConsoleApp", "EntityFrameworkConsoleApp\EntityFrameworkConsoleApp.csproj", "{84C900C3-9C02-4310-8BAB-DF57E74C2FE5}"
EndProject
Global
	GlobalSection(SolutionConfigurationPlatforms) = preSolution
		Debug|Any CPU = Debug|Any CPU
		Release|Any CPU = Release|Any CPU
	EndGlobalSection
	GlobalSection(ProjectConfigurationPlatforms) = postSolution
		{D80B6585-65DD-4B34-8859-3BEFBCF059BA}.Debug|Any CPU.ActiveCfg = Debug|Any CPU
		{D80B6585-65DD-4B34-8859-3BEFBCF059BA}.Debug|Any CPU.Build.0 = Debug|Any CPU
		{D80B6585-65DD-4B34-8859-3BEFBCF059BA}.Release|Any CPU.ActiveCfg = Release|Any CPU
		{D80B6585-65DD-4B34-8859-3BEFBCF059BA}.Release|Any CPU.Build.0 = Release|Any CPU
		{84C900C3-9C02-4310-8BAB-DF57E74C2FE5}.Debug|Any CPU.ActiveCfg = Debug|Any CPU
		{84C900C3-9C02-4310-8BAB-DF57E74C2FE5}.Debug|Any CPU.Build.0 = Debug|Any CPU
		{84C900C3-9C02-4310-8BAB-DF57E74C2FE5}.Release|Any CPU.ActiveCfg = Release|Any CPU
		{84C900C3-9C02-4310-8BAB-DF57E74C2FE5}.Release|Any CPU.Build.0 = Release|Any CPU
	EndGlobalSection
	GlobalSection(SolutionProperties) = preSolution
		HideSolutionNode = FALSE
	EndGlobalSection
	GlobalSection(ExtensibilityGlobals) = postSolution
		SolutionGuid = {36C6CF6D-86FB-4E03-9F36-6367D8EF9E65}
	EndGlobalSection
EndGlobal
