
Microsoft Visual Studio Solution File, Format Version 12.00
# Visual Studio Version 17
VisualStudioVersion = 17.1.32414.318
MinimumVisualStudioVersion = 10.0.40219.1
Project("{FAE04EC0-301F-11D3-BF4B-00C04F79EFBC}") = "AsyncAndAwaitDemo", "AsyncAndAwaitDemo.csproj", "{EAB97E23-7FDC-4696-A307-8702F0F21FE5}"
EndProject
Global
	GlobalSection(SolutionConfigurationPlatforms) = preSolution
		Debug|Any CPU = Debug|Any CPU
		Release|Any CPU = Release|Any CPU
	EndGlobalSection
	GlobalSection(ProjectConfigurationPlatforms) = postSolution
		{EAB97E23-7FDC-4696-A307-8702F0F21FE5}.Debug|Any CPU.ActiveCfg = Debug|Any CPU
		{EAB97E23-7FDC-4696-A307-8702F0F21FE5}.Debug|Any CPU.Build.0 = Debug|Any CPU
		{EAB97E23-7FDC-4696-A307-8702F0F21FE5}.Release|Any CPU.ActiveCfg = Release|Any CPU
		{EAB97E23-7FDC-4696-A307-8702F0F21FE5}.Release|Any CPU.Build.0 = Release|Any CPU
	EndGlobalSection
	GlobalSection(SolutionProperties) = preSolution
		HideSolutionNode = FALSE
	EndGlobalSection
	GlobalSection(ExtensibilityGlobals) = postSolution
		SolutionGuid = {DC1DB256-3FD3-46BE-9D74-25B2E3009614}
	EndGlobalSection
EndGlobal
