
Microsoft Visual Studio Solution File, Format Version 12.00
# Visual Studio Version 17
VisualStudioVersion = 17.1.32414.318
MinimumVisualStudioVersion = 10.0.40219.1
Project("{FAE04EC0-301F-11D3-BF4B-00C04F79EFBC}") = "OOPs", "OOPs.csproj", "{5D1E3A83-F171-4E12-A8E3-2AF9C7161896}"
EndProject
Global
	GlobalSection(SolutionConfigurationPlatforms) = preSolution
		Debug|Any CPU = Debug|Any CPU
		Release|Any CPU = Release|Any CPU
	EndGlobalSection
	GlobalSection(ProjectConfigurationPlatforms) = postSolution
		{5D1E3A83-F171-4E12-A8E3-2AF9C7161896}.Debug|Any CPU.ActiveCfg = Debug|Any CPU
		{5D1E3A83-F171-4E12-A8E3-2AF9C7161896}.Debug|Any CPU.Build.0 = Debug|Any CPU
		{5D1E3A83-F171-4E12-A8E3-2AF9C7161896}.Release|Any CPU.ActiveCfg = Release|Any CPU
		{5D1E3A83-F171-4E12-A8E3-2AF9C7161896}.Release|Any CPU.Build.0 = Release|Any CPU
	EndGlobalSection
	GlobalSection(SolutionProperties) = preSolution
		HideSolutionNode = FALSE
	EndGlobalSection
	GlobalSection(ExtensibilityGlobals) = postSolution
		SolutionGuid = {6472C1EF-CB1A-4159-90F4-7A05AC8A2B50}
	EndGlobalSection
EndGlobal
