
Microsoft Visual Studio Solution File, Format Version 12.00
# Visual Studio Version 17
VisualStudioVersion = 17.1.32414.318
MinimumVisualStudioVersion = 10.0.40219.1
Project("{FAE04EC0-301F-11D3-BF4B-00C04F79EFBC}") = "BillingAndInventoryManagementSystem", "BillingAndInventoryManagementSystem.csproj", "{DACE532C-CBB6-4FC4-B162-6BC67A8FD2BB}"
EndProject
Global
	GlobalSection(SolutionConfigurationPlatforms) = preSolution
		Debug|Any CPU = Debug|Any CPU
		Release|Any CPU = Release|Any CPU
	EndGlobalSection
	GlobalSection(ProjectConfigurationPlatforms) = postSolution
		{DACE532C-CBB6-4FC4-B162-6BC67A8FD2BB}.Debug|Any CPU.ActiveCfg = Debug|Any CPU
		{DACE532C-CBB6-4FC4-B162-6BC67A8FD2BB}.Debug|Any CPU.Build.0 = Debug|Any CPU
		{DACE532C-CBB6-4FC4-B162-6BC67A8FD2BB}.Release|Any CPU.ActiveCfg = Release|Any CPU
		{DACE532C-CBB6-4FC4-B162-6BC67A8FD2BB}.Release|Any CPU.Build.0 = Release|Any CPU
	EndGlobalSection
	GlobalSection(SolutionProperties) = preSolution
		HideSolutionNode = FALSE
	EndGlobalSection
	GlobalSection(ExtensibilityGlobals) = postSolution
		SolutionGuid = {D3D66EC9-FA47-4261-9265-76E74E03E4AB}
	EndGlobalSection
EndGlobal
