
Microsoft Visual Studio Solution File, Format Version 12.00
# Visual Studio Version 17
VisualStudioVersion = 17.1.32414.318
MinimumVisualStudioVersion = 10.0.40219.1
Project("{FAE04EC0-301F-11D3-BF4B-00C04F79EFBC}") = "CollectionHandsOn2", "CollectionHandsOn2.csproj", "{7217D542-8D3C-4145-950E-472D028FDEDD}"
EndProject
Global
	GlobalSection(SolutionConfigurationPlatforms) = preSolution
		Debug|Any CPU = Debug|Any CPU
		Release|Any CPU = Release|Any CPU
	EndGlobalSection
	GlobalSection(ProjectConfigurationPlatforms) = postSolution
		{7217D542-8D3C-4145-950E-472D028FDEDD}.Debug|Any CPU.ActiveCfg = Debug|Any CPU
		{7217D542-8D3C-4145-950E-472D028FDEDD}.Debug|Any CPU.Build.0 = Debug|Any CPU
		{7217D542-8D3C-4145-950E-472D028FDEDD}.Release|Any CPU.ActiveCfg = Release|Any CPU
		{7217D542-8D3C-4145-950E-472D028FDEDD}.Release|Any CPU.Build.0 = Release|Any CPU
	EndGlobalSection
	GlobalSection(SolutionProperties) = preSolution
		HideSolutionNode = FALSE
	EndGlobalSection
	GlobalSection(ExtensibilityGlobals) = postSolution
		SolutionGuid = {EB341276-AFC1-437B-891D-57C7DA73CD2A}
	EndGlobalSection
EndGlobal
